// !$*UTF8*$!
{
	archiveVersion = 1;
	classes = {
	};
	objectVersion = 46;
	objects = {

/* Begin PBXBuildFile section */
		BB9A6271174F9127005B1D58 /* MyUITextView.m in Sources */ = {isa = PBXBuildFile; fileRef = BB9A6270174F9127005B1D58 /* MyUITextView.m */; };
		BBB3A62E174D0466001C78CA /* UIKit.framework in Frameworks */ = {isa = PBXBuildFile; fileRef = BBB3A62D174D0466001C78CA /* UIKit.framework */; };
		BBB3A630174D0466001C78CA /* Foundation.framework in Frameworks */ = {isa = PBXBuildFile; fileRef = BBB3A62F174D0466001C78CA /* Foundation.framework */; };
		BBB3A632174D0466001C78CA /* CoreGraphics.framework in Frameworks */ = {isa = PBXBuildFile; fileRef = BBB3A631174D0466001C78CA /* CoreGraphics.framework */; };
		BBB3A638174D0466001C78CA /* InfoPlist.strings in Resources */ = {isa = PBXBuildFile; fileRef = BBB3A636174D0466001C78CA /* InfoPlist.strings */; };
		BBB3A63A174D0466001C78CA /* main.mm in Sources */ = {isa = PBXBuildFile; fileRef = BBB3A639174D0466001C78CA /* main.mm */; };
		BBB3A63E174D0466001C78CA /* AppDelegate.mm in Sources */ = {isa = PBXBuildFile; fileRef = BBB3A63D174D0466001C78CA /* AppDelegate.mm */; };
		BBB3A640174D0466001C78CA /* Default.png in Resources */ = {isa = PBXBuildFile; fileRef = BBB3A63F174D0466001C78CA /* Default.png */; };
		BBB3A642174D0466001C78CA /* Default@2x.png in Resources */ = {isa = PBXBuildFile; fileRef = BBB3A641174D0466001C78CA /* Default@2x.png */; };
		BBB3A644174D0466001C78CA /* Default-568h@2x.png in Resources */ = {isa = PBXBuildFile; fileRef = BBB3A643174D0466001C78CA /* Default-568h@2x.png */; };
		BBB3A647174D0466001C78CA /* MainViewController.m in Sources */ = {isa = PBXBuildFile; fileRef = BBB3A646174D0466001C78CA /* MainViewController.m */; };
		BBB3A64A174D0466001C78CA /* FlipsideViewController.m in Sources */ = {isa = PBXBuildFile; fileRef = BBB3A649174D0466001C78CA /* FlipsideViewController.m */; };
		BBB3A64D174D0466001C78CA /* MainViewController.xib in Resources */ = {isa = PBXBuildFile; fileRef = BBB3A64B174D0466001C78CA /* MainViewController.xib */; };
		BBB3A650174D0466001C78CA /* FlipsideViewController.xib in Resources */ = {isa = PBXBuildFile; fileRef = BBB3A64E174D0466001C78CA /* FlipsideViewController.xib */; };
		BBB3A661174D2516001C78CA /* QuestionViewController.mm in Sources */ = {isa = PBXBuildFile; fileRef = BBB3A65F174D2516001C78CA /* QuestionViewController.mm */; };
		BBB3A662174D2516001C78CA /* QuestionViewController.xib in Resources */ = {isa = PBXBuildFile; fileRef = BBB3A660174D2516001C78CA /* QuestionViewController.xib */; };
		BBB3A667174D54D4001C78CA /* CapitaL.otf in Resources */ = {isa = PBXBuildFile; fileRef = BBB3A666174D53C3001C78CA /* CapitaL.otf */; };
		BBB3A66B174D55FA001C78CA /* noButton@2x.png in Resources */ = {isa = PBXBuildFile; fileRef = BBB3A669174D55FA001C78CA /* noButton@2x.png */; };
		BBB3A66C174D55FA001C78CA /* yesButton@2x.png in Resources */ = {isa = PBXBuildFile; fileRef = BBB3A66A174D55FA001C78CA /* yesButton@2x.png */; };
		BBB3A66F174D5824001C78CA /* AppData.m in Sources */ = {isa = PBXBuildFile; fileRef = BBB3A66E174D5824001C78CA /* AppData.m */; };
		BBB3A671174D5DA5001C78CA /* startButton@2x.png in Resources */ = {isa = PBXBuildFile; fileRef = BBB3A670174D5DA5001C78CA /* startButton@2x.png */; };
		BBB3A675174D6D9C001C78CA /* start.wav in Resources */ = {isa = PBXBuildFile; fileRef = BBB3A672174D6D9C001C78CA /* start.wav */; };
		BBB3A676174D6D9C001C78CA /* no.wav in Resources */ = {isa = PBXBuildFile; fileRef = BBB3A673174D6D9C001C78CA /* no.wav */; };
		BBB3A677174D6D9C001C78CA /* yes.wav in Resources */ = {isa = PBXBuildFile; fileRef = BBB3A674174D6D9C001C78CA /* yes.wav */; };
		BBB3A679174D6F11001C78CA /* AVFoundation.framework in Frameworks */ = {isa = PBXBuildFile; fileRef = BBB3A678174D6F11001C78CA /* AVFoundation.framework */; };
		BBB3A67E174D7D45001C78CA /* myGraphView.m in Sources */ = {isa = PBXBuildFile; fileRef = BBB3A67D174D7D45001C78CA /* myGraphView.m */; };
		BBB3A680174D7ED9001C78CA /* gradient.png in Resources */ = {isa = PBXBuildFile; fileRef = BBB3A67F174D7ED9001C78CA /* gradient.png */; };
		BBDC180E174F772400A01C59 /* Wrapper.m in Sources */ = {isa = PBXBuildFile; fileRef = BBDC180B174F760F00A01C59 /* Wrapper.m */; };
		BBDC1811174F7A7700A01C59 /* UIBAlertView.m in Sources */ = {isa = PBXBuildFile; fileRef = BBDC1810174F7A5A00A01C59 /* UIBAlertView.m */; };
/* End PBXBuildFile section */

/* Begin PBXFileReference section */
		BB9A626F174F9127005B1D58 /* MyUITextView.h */ = {isa = PBXFileReference; fileEncoding = 4; lastKnownFileType = sourcecode.c.h; path = MyUITextView.h; sourceTree = "<group>"; };
		BB9A6270174F9127005B1D58 /* MyUITextView.m */ = {isa = PBXFileReference; fileEncoding = 4; lastKnownFileType = sourcecode.c.objc; path = MyUITextView.m; sourceTree = "<group>"; };
		BBB3A62A174D0466001C78CA /* iosRPG.app */ = {isa = PBXFileReference; explicitFileType = wrapper.application; includeInIndex = 0; path = iosRPG.app; sourceTree = BUILT_PRODUCTS_DIR; };
		BBB3A62D174D0466001C78CA /* UIKit.framework */ = {isa = PBXFileReference; lastKnownFileType = wrapper.framework; name = UIKit.framework; path = System/Library/Frameworks/UIKit.framework; sourceTree = SDKROOT; };
		BBB3A62F174D0466001C78CA /* Foundation.framework */ = {isa = PBXFileReference; lastKnownFileType = wrapper.framework; name = Foundation.framework; path = System/Library/Frameworks/Foundation.framework; sourceTree = SDKROOT; };
		BBB3A631174D0466001C78CA /* CoreGraphics.framework */ = {isa = PBXFileReference; lastKnownFileType = wrapper.framework; name = CoreGraphics.framework; path = System/Library/Frameworks/CoreGraphics.framework; sourceTree = SDKROOT; };
		BBB3A635174D0466001C78CA /* iosRPG-Info.plist */ = {isa = PBXFileReference; lastKnownFileType = text.plist.xml; path = "iosRPG-Info.plist"; sourceTree = "<group>"; };
		BBB3A637174D0466001C78CA /* en */ = {isa = PBXFileReference; lastKnownFileType = text.plist.strings; name = en; path = en.lproj/InfoPlist.strings; sourceTree = "<group>"; };
		BBB3A639174D0466001C78CA /* main.mm */ = {isa = PBXFileReference; lastKnownFileType = sourcecode.cpp.objcpp; path = main.mm; sourceTree = "<group>"; };
		BBB3A63B174D0466001C78CA /* iosRPG-Prefix.pch */ = {isa = PBXFileReference; lastKnownFileType = sourcecode.c.h; path = "iosRPG-Prefix.pch"; sourceTree = "<group>"; };
		BBB3A63C174D0466001C78CA /* AppDelegate.h */ = {isa = PBXFileReference; lastKnownFileType = sourcecode.c.h; path = AppDelegate.h; sourceTree = "<group>"; };
		BBB3A63D174D0466001C78CA /* AppDelegate.mm */ = {isa = PBXFileReference; lastKnownFileType = sourcecode.cpp.objcpp; path = AppDelegate.mm; sourceTree = "<group>"; };
		BBB3A63F174D0466001C78CA /* Default.png */ = {isa = PBXFileReference; lastKnownFileType = image.png; path = Default.png; sourceTree = "<group>"; };
		BBB3A641174D0466001C78CA /* Default@2x.png */ = {isa = PBXFileReference; lastKnownFileType = image.png; path = "Default@2x.png"; sourceTree = "<group>"; };
		BBB3A643174D0466001C78CA /* Default-568h@2x.png */ = {isa = PBXFileReference; lastKnownFileType = image.png; path = "Default-568h@2x.png"; sourceTree = "<group>"; };
		BBB3A645174D0466001C78CA /* MainViewController.h */ = {isa = PBXFileReference; lastKnownFileType = sourcecode.c.h; path = MainViewController.h; sourceTree = "<group>"; };
		BBB3A646174D0466001C78CA /* MainViewController.m */ = {isa = PBXFileReference; lastKnownFileType = sourcecode.c.objc; path = MainViewController.m; sourceTree = "<group>"; };
		BBB3A648174D0466001C78CA /* FlipsideViewController.h */ = {isa = PBXFileReference; lastKnownFileType = sourcecode.c.h; path = FlipsideViewController.h; sourceTree = "<group>"; };
		BBB3A649174D0466001C78CA /* FlipsideViewController.m */ = {isa = PBXFileReference; lastKnownFileType = sourcecode.c.objc; path = FlipsideViewController.m; sourceTree = "<group>"; };
		BBB3A64C174D0466001C78CA /* en */ = {isa = PBXFileReference; lastKnownFileType = file.xib; name = en; path = en.lproj/MainViewController.xib; sourceTree = "<group>"; };
		BBB3A64F174D0466001C78CA /* en */ = {isa = PBXFileReference; lastKnownFileType = file.xib; name = en; path = en.lproj/FlipsideViewController.xib; sourceTree = "<group>"; };
		BBB3A656174D04B4001C78CA /* Constants.h */ = {isa = PBXFileReference; lastKnownFileType = sourcecode.c.h; path = Constants.h; sourceTree = "<group>"; };
		BBB3A65E174D2516001C78CA /* QuestionViewController.h */ = {isa = PBXFileReference; explicitFileType = sourcecode.c.objc; fileEncoding = 4; path = QuestionViewController.h; sourceTree = "<group>"; };
		BBB3A65F174D2516001C78CA /* QuestionViewController.mm */ = {isa = PBXFileReference; explicitFileType = sourcecode.c.objc; fileEncoding = 4; path = QuestionViewController.mm; sourceTree = "<group>"; };
		BBB3A660174D2516001C78CA /* QuestionViewController.xib */ = {isa = PBXFileReference; fileEncoding = 4; lastKnownFileType = file.xib; path = QuestionViewController.xib; sourceTree = "<group>"; };
		BBB3A666174D53C3001C78CA /* CapitaL.otf */ = {isa = PBXFileReference; lastKnownFileType = file; path = CapitaL.otf; sourceTree = "<group>"; };
		BBB3A669174D55FA001C78CA /* noButton@2x.png */ = {isa = PBXFileReference; lastKnownFileType = image.png; path = "noButton@2x.png"; sourceTree = "<group>"; };
		BBB3A66A174D55FA001C78CA /* yesButton@2x.png */ = {isa = PBXFileReference; lastKnownFileType = image.png; path = "yesButton@2x.png"; sourceTree = "<group>"; };
		BBB3A66D174D5824001C78CA /* AppData.h */ = {isa = PBXFileReference; fileEncoding = 4; lastKnownFileType = sourcecode.c.h; path = AppData.h; sourceTree = "<group>"; };
		BBB3A66E174D5824001C78CA /* AppData.m */ = {isa = PBXFileReference; fileEncoding = 4; lastKnownFileType = sourcecode.c.objc; path = AppData.m; sourceTree = "<group>"; };
		BBB3A670174D5DA5001C78CA /* startButton@2x.png */ = {isa = PBXFileReference; lastKnownFileType = image.png; path = "startButton@2x.png"; sourceTree = "<group>"; };
		BBB3A672174D6D9C001C78CA /* start.wav */ = {isa = PBXFileReference; lastKnownFileType = audio.wav; path = start.wav; sourceTree = "<group>"; };
		BBB3A673174D6D9C001C78CA /* no.wav */ = {isa = PBXFileReference; lastKnownFileType = audio.wav; path = no.wav; sourceTree = "<group>"; };
		BBB3A674174D6D9C001C78CA /* yes.wav */ = {isa = PBXFileReference; lastKnownFileType = audio.wav; path = yes.wav; sourceTree = "<group>"; };
		BBB3A678174D6F11001C78CA /* AVFoundation.framework */ = {isa = PBXFileReference; lastKnownFileType = wrapper.framework; name = AVFoundation.framework; path = System/Library/Frameworks/AVFoundation.framework; sourceTree = SDKROOT; };
		BBB3A67A174D75DE001C78CA /* QuartzCore.framework */ = {isa = PBXFileReference; lastKnownFileType = wrapper.framework; name = QuartzCore.framework; path = System/Library/Frameworks/QuartzCore.framework; sourceTree = SDKROOT; };
		BBB3A67C174D7D45001C78CA /* myGraphView.h */ = {isa = PBXFileReference; fileEncoding = 4; lastKnownFileType = sourcecode.c.h; path = myGraphView.h; sourceTree = "<group>"; };
		BBB3A67D174D7D45001C78CA /* myGraphView.m */ = {isa = PBXFileReference; fileEncoding = 4; lastKnownFileType = sourcecode.c.objc; path = myGraphView.m; sourceTree = "<group>"; };
		BBB3A67F174D7ED9001C78CA /* gradient.png */ = {isa = PBXFileReference; lastKnownFileType = image.png; path = gradient.png; sourceTree = "<group>"; };
		BBDC180A174F760F00A01C59 /* Wrapper.h */ = {isa = PBXFileReference; lastKnownFileType = sourcecode.c.h; path = Wrapper.h; sourceTree = "<group>"; };
		BBDC180B174F760F00A01C59 /* Wrapper.m */ = {isa = PBXFileReference; lastKnownFileType = sourcecode.c.objc; path = Wrapper.m; sourceTree = "<group>"; };
		BBDC180C174F76FA00A01C59 /* WrapperDelegate.h */ = {isa = PBXFileReference; lastKnownFileType = sourcecode.c.h; path = WrapperDelegate.h; sourceTree = "<group>"; };
		BBDC180F174F7A5A00A01C59 /* UIBAlertView.h */ = {isa = PBXFileReference; lastKnownFileType = sourcecode.c.h; path = UIBAlertView.h; sourceTree = "<group>"; };
		BBDC1810174F7A5A00A01C59 /* UIBAlertView.m */ = {isa = PBXFileReference; lastKnownFileType = sourcecode.c.objc; path = UIBAlertView.m; sourceTree = "<group>"; };
/* End PBXFileReference section */

/* Begin PBXFrameworksBuildPhase section */
		BBB3A627174D0466001C78CA /* Frameworks */ = {
			isa = PBXFrameworksBuildPhase;
			buildActionMask = 2147483647;
			files = (
				BBB3A62E174D0466001C78CA /* UIKit.framework in Frameworks */,
				BBB3A630174D0466001C78CA /* Foundation.framework in Frameworks */,
				BBB3A632174D0466001C78CA /* CoreGraphics.framework in Frameworks */,
				BBB3A679174D6F11001C78CA /* AVFoundation.framework in Frameworks */,
			);
			runOnlyForDeploymentPostprocessing = 0;
		};
/* End PBXFrameworksBuildPhase section */

/* Begin PBXGroup section */
		BBB3A621174D0466001C78CA = {
			isa = PBXGroup;
			children = (
				BBB3A633174D0466001C78CA /* iosRPG */,
				BBB3A62C174D0466001C78CA /* Frameworks */,
				BBB3A62B174D0466001C78CA /* Products */,
			);
			sourceTree = "<group>";
		};
		BBB3A62B174D0466001C78CA /* Products */ = {
			isa = PBXGroup;
			children = (
				BBB3A62A174D0466001C78CA /* iosRPG.app */,
			);
			name = Products;
			sourceTree = "<group>";
		};
		BBB3A62C174D0466001C78CA /* Frameworks */ = {
			isa = PBXGroup;
			children = (
				BBB3A67A174D75DE001C78CA /* QuartzCore.framework */,
				BBB3A678174D6F11001C78CA /* AVFoundation.framework */,
				BBB3A62D174D0466001C78CA /* UIKit.framework */,
				BBB3A62F174D0466001C78CA /* Foundation.framework */,
				BBB3A631174D0466001C78CA /* CoreGraphics.framework */,
			);
			name = Frameworks;
			sourceTree = "<group>";
		};
		BBB3A633174D0466001C78CA /* iosRPG */ = {
			isa = PBXGroup;
			children = (
				BBB3A656174D04B4001C78CA /* Constants.h */,
				BBB3A63C174D0466001C78CA /* AppDelegate.h */,
				BBB3A63D174D0466001C78CA /* AppDelegate.mm */,
				BBB3A645174D0466001C78CA /* MainViewController.h */,
				BBB3A646174D0466001C78CA /* MainViewController.m */,
				BBB3A64B174D0466001C78CA /* MainViewController.xib */,
				BBB3A664174D27A2001C78CA /* Questions */,
				BBB3A663174D2790001C78CA /* Info */,
				BBB3A634174D0466001C78CA /* Supporting Files */,
				BBB3A668174D55F1001C78CA /* assets */,
				BBDC180D174F76FF00A01C59 /* REST */,
				BBB3A66D174D5824001C78CA /* AppData.h */,
				BBB3A66E174D5824001C78CA /* AppData.m */,
				BBB3A67C174D7D45001C78CA /* myGraphView.h */,
				BBB3A67D174D7D45001C78CA /* myGraphView.m */,
			);
			path = iosRPG;
			sourceTree = "<group>";
		};
		BBB3A634174D0466001C78CA /* Supporting Files */ = {
			isa = PBXGroup;
			children = (
				BBDC180F174F7A5A00A01C59 /* UIBAlertView.h */,
				BBDC1810174F7A5A00A01C59 /* UIBAlertView.m */,
				BBB3A635174D0466001C78CA /* iosRPG-Info.plist */,
				BBB3A636174D0466001C78CA /* InfoPlist.strings */,
				BBB3A639174D0466001C78CA /* main.mm */,
				BBB3A63B174D0466001C78CA /* iosRPG-Prefix.pch */,
				BBB3A63F174D0466001C78CA /* Default.png */,
				BBB3A641174D0466001C78CA /* Default@2x.png */,
				BBB3A643174D0466001C78CA /* Default-568h@2x.png */,
				BB9A626F174F9127005B1D58 /* MyUITextView.h */,
				BB9A6270174F9127005B1D58 /* MyUITextView.m */,
			);
			name = "Supporting Files";
			sourceTree = "<group>";
		};
		BBB3A663174D2790001C78CA /* Info */ = {
			isa = PBXGroup;
			children = (
				BBB3A648174D0466001C78CA /* FlipsideViewController.h */,
				BBB3A649174D0466001C78CA /* FlipsideViewController.m */,
				BBB3A64E174D0466001C78CA /* FlipsideViewController.xib */,
			);
			name = Info;
			sourceTree = "<group>";
		};
		BBB3A664174D27A2001C78CA /* Questions */ = {
			isa = PBXGroup;
			children = (
				BBB3A65E174D2516001C78CA /* QuestionViewController.h */,
				BBB3A65F174D2516001C78CA /* QuestionViewController.mm */,
				BBB3A660174D2516001C78CA /* QuestionViewController.xib */,
			);
			name = Questions;
			sourceTree = "<group>";
		};
		BBB3A668174D55F1001C78CA /* assets */ = {
			isa = PBXGroup;
			children = (
				BBB3A67F174D7ED9001C78CA /* gradient.png */,
				BBB3A672174D6D9C001C78CA /* start.wav */,
				BBB3A673174D6D9C001C78CA /* no.wav */,
				BBB3A674174D6D9C001C78CA /* yes.wav */,
				BBB3A666174D53C3001C78CA /* CapitaL.otf */,
				BBB3A670174D5DA5001C78CA /* startButton@2x.png */,
				BBB3A669174D55FA001C78CA /* noButton@2x.png */,
				BBB3A66A174D55FA001C78CA /* yesButton@2x.png */,
			);
			name = assets;
			sourceTree = "<group>";
		};
		BBDC180D174F76FF00A01C59 /* REST */ = {
			isa = PBXGroup;
			children = (
				BBDC180C174F76FA00A01C59 /* WrapperDelegate.h */,
				BBDC180A174F760F00A01C59 /* Wrapper.h */,
				BBDC180B174F760F00A01C59 /* Wrapper.m */,
			);
			name = REST;
			sourceTree = "<group>";
		};
/* End PBXGroup section */

/* Begin PBXNativeTarget section */
		BBB3A629174D0466001C78CA /* iosRPG */ = {
			isa = PBXNativeTarget;
			buildConfigurationList = BBB3A653174D0466001C78CA /* Build configuration list for PBXNativeTarget "iosRPG" */;
			buildPhases = (
				BBB3A626174D0466001C78CA /* Sources */,
				BBB3A627174D0466001C78CA /* Frameworks */,
				BBB3A628174D0466001C78CA /* Resources */,
			);
			buildRules = (
			);
			dependencies = (
			);
			name = iosRPG;
			productName = iosRPG;
			productReference = BBB3A62A174D0466001C78CA /* iosRPG.app */;
			productType = "com.apple.product-type.application";
		};
/* End PBXNativeTarget section */

/* Begin PBXProject section */
		BBB3A622174D0466001C78CA /* Project object */ = {
			isa = PBXProject;
			attributes = {
				LastUpgradeCheck = 0460;
				ORGANIZATIONNAME = "Oriol Ferrer Mesià";
			};
			buildConfigurationList = BBB3A625174D0466001C78CA /* Build configuration list for PBXProject "iosRPG" */;
			compatibilityVersion = "Xcode 3.2";
			developmentRegion = English;
			hasScannedForEncodings = 0;
			knownRegions = (
				en,
			);
			mainGroup = BBB3A621174D0466001C78CA;
			productRefGroup = BBB3A62B174D0466001C78CA /* Products */;
			projectDirPath = "";
			projectRoot = "";
			targets = (
				BBB3A629174D0466001C78CA /* iosRPG */,
			);
		};
/* End PBXProject section */

/* Begin PBXResourcesBuildPhase section */
		BBB3A628174D0466001C78CA /* Resources */ = {
			isa = PBXResourcesBuildPhase;
			buildActionMask = 2147483647;
			files = (
				BBB3A638174D0466001C78CA /* InfoPlist.strings in Resources */,
				BBB3A640174D0466001C78CA /* Default.png in Resources */,
				BBB3A642174D0466001C78CA /* Default@2x.png in Resources */,
				BBB3A644174D0466001C78CA /* Default-568h@2x.png in Resources */,
				BBB3A667174D54D4001C78CA /* CapitaL.otf in Resources */,
				BBB3A64D174D0466001C78CA /* MainViewController.xib in Resources */,
				BBB3A650174D0466001C78CA /* FlipsideViewController.xib in Resources */,
				BBB3A662174D2516001C78CA /* QuestionViewController.xib in Resources */,
				BBB3A66B174D55FA001C78CA /* noButton@2x.png in Resources */,
				BBB3A66C174D55FA001C78CA /* yesButton@2x.png in Resources */,
				BBB3A671174D5DA5001C78CA /* startButton@2x.png in Resources */,
				BBB3A675174D6D9C001C78CA /* start.wav in Resources */,
				BBB3A676174D6D9C001C78CA /* no.wav in Resources */,
				BBB3A677174D6D9C001C78CA /* yes.wav in Resources */,
				BBB3A680174D7ED9001C78CA /* gradient.png in Resources */,
			);
			runOnlyForDeploymentPostprocessing = 0;
		};
/* End PBXResourcesBuildPhase section */

/* Begin PBXSourcesBuildPhase section */
		BBB3A626174D0466001C78CA /* Sources */ = {
			isa = PBXSourcesBuildPhase;
			buildActionMask = 2147483647;
			files = (
				BBB3A63A174D0466001C78CA /* main.mm in Sources */,
				BBB3A63E174D0466001C78CA /* AppDelegate.mm in Sources */,
				BBB3A647174D0466001C78CA /* MainViewController.m in Sources */,
				BBB3A64A174D0466001C78CA /* FlipsideViewController.m in Sources */,
				BBB3A661174D2516001C78CA /* QuestionViewController.mm in Sources */,
				BBDC1811174F7A7700A01C59 /* UIBAlertView.m in Sources */,
				BBB3A66F174D5824001C78CA /* AppData.m in Sources */,
				BBDC180E174F772400A01C59 /* Wrapper.m in Sources */,
				BBB3A67E174D7D45001C78CA /* myGraphView.m in Sources */,
				BB9A6271174F9127005B1D58 /* MyUITextView.m in Sources */,
			);
			runOnlyForDeploymentPostprocessing = 0;
		};
/* End PBXSourcesBuildPhase section */

/* Begin PBXVariantGroup section */
		BBB3A636174D0466001C78CA /* InfoPlist.strings */ = {
			isa = PBXVariantGroup;
			children = (
				BBB3A637174D0466001C78CA /* en */,
			);
			name = InfoPlist.strings;
			sourceTree = "<group>";
		};
		BBB3A64B174D0466001C78CA /* MainViewController.xib */ = {
			isa = PBXVariantGroup;
			children = (
				BBB3A64C174D0466001C78CA /* en */,
			);
			name = MainViewController.xib;
			sourceTree = "<group>";
		};
		BBB3A64E174D0466001C78CA /* FlipsideViewController.xib */ = {
			isa = PBXVariantGroup;
			children = (
				BBB3A64F174D0466001C78CA /* en */,
			);
			name = FlipsideViewController.xib;
			sourceTree = "<group>";
		};
/* End PBXVariantGroup section */

/* Begin XCBuildConfiguration section */
		BBB3A651174D0466001C78CA /* Debug */ = {
			isa = XCBuildConfiguration;
			buildSettings = {
				ALWAYS_SEARCH_USER_PATHS = NO;
				CLANG_CXX_LANGUAGE_STANDARD = "gnu++0x";
				CLANG_CXX_LIBRARY = "libc++";
				CLANG_WARN_CONSTANT_CONVERSION = YES;
				CLANG_WARN_EMPTY_BODY = YES;
				CLANG_WARN_ENUM_CONVERSION = YES;
				CLANG_WARN_INT_CONVERSION = YES;
				CLANG_WARN__DUPLICATE_METHOD_MATCH = YES;
				"CODE_SIGN_IDENTITY[sdk=iphoneos*]" = "iPhone Developer";
				COPY_PHASE_STRIP = NO;
				GCC_C_LANGUAGE_STANDARD = gnu99;
				GCC_DYNAMIC_NO_PIC = NO;
				GCC_OPTIMIZATION_LEVEL = 0;
				GCC_PREPROCESSOR_DEFINITIONS = (
					"DEBUG=1",
					"$(inherited)",
				);
				GCC_SYMBOLS_PRIVATE_EXTERN = NO;
				GCC_WARN_ABOUT_RETURN_TYPE = YES;
				GCC_WARN_UNINITIALIZED_AUTOS = YES;
				GCC_WARN_UNUSED_VARIABLE = YES;
				IPHONEOS_DEPLOYMENT_TARGET = 6.1;
				ONLY_ACTIVE_ARCH = YES;
				SDKROOT = iphoneos;
			};
			name = Debug;
		};
		BBB3A652174D0466001C78CA /* Release */ = {
			isa = XCBuildConfiguration;
			buildSettings = {
				ALWAYS_SEARCH_USER_PATHS = NO;
				CLANG_CXX_LANGUAGE_STANDARD = "gnu++0x";
				CLANG_CXX_LIBRARY = "libc++";
				CLANG_WARN_CONSTANT_CONVERSION = YES;
				CLANG_WARN_EMPTY_BODY = YES;
				CLANG_WARN_ENUM_CONVERSION = YES;
				CLANG_WARN_INT_CONVERSION = YES;
				CLANG_WARN__DUPLICATE_METHOD_MATCH = YES;
				"CODE_SIGN_IDENTITY[sdk=iphoneos*]" = "iPhone Developer";
				COPY_PHASE_STRIP = YES;
				GCC_C_LANGUAGE_STANDARD = gnu99;
				GCC_WARN_ABOUT_RETURN_TYPE = YES;
				GCC_WARN_UNINITIALIZED_AUTOS = YES;
				GCC_WARN_UNUSED_VARIABLE = YES;
				IPHONEOS_DEPLOYMENT_TARGET = 6.1;
				OTHER_CFLAGS = "-DNS_BLOCK_ASSERTIONS=1";
				SDKROOT = iphoneos;
				VALIDATE_PRODUCT = YES;
			};
			name = Release;
		};
		BBB3A654174D0466001C78CA /* Debug */ = {
			isa = XCBuildConfiguration;
			buildSettings = {
				GCC_PRECOMPILE_PREFIX_HEADER = YES;
				GCC_PREFIX_HEADER = "iosRPG/iosRPG-Prefix.pch";
				INFOPLIST_FILE = "iosRPG/iosRPG-Info.plist";
				PRODUCT_NAME = "$(TARGET_NAME)";
				TARGETED_DEVICE_FAMILY = "1,2";
				WRAPPER_EXTENSION = app;
			};
			name = Debug;
		};
		BBB3A655174D0466001C78CA /* Release */ = {
			isa = XCBuildConfiguration;
			buildSettings = {
				GCC_PRECOMPILE_PREFIX_HEADER = YES;
				GCC_PREFIX_HEADER = "iosRPG/iosRPG-Prefix.pch";
				INFOPLIST_FILE = "iosRPG/iosRPG-Info.plist";
				PRODUCT_NAME = "$(TARGET_NAME)";
				TARGETED_DEVICE_FAMILY = "1,2";
				WRAPPER_EXTENSION = app;
			};
			name = Release;
		};
/* End XCBuildConfiguration section */

/* Begin XCConfigurationList section */
		BBB3A625174D0466001C78CA /* Build configuration list for PBXProject "iosRPG" */ = {
			isa = XCConfigurationList;
			buildConfigurations = (
				BBB3A651174D0466001C78CA /* Debug */,
				BBB3A652174D0466001C78CA /* Release */,
			);
			defaultConfigurationIsVisible = 0;
			defaultConfigurationName = Release;
		};
		BBB3A653174D0466001C78CA /* Build configuration list for PBXNativeTarget "iosRPG" */ = {
			isa = XCConfigurationList;
			buildConfigurations = (
				BBB3A654174D0466001C78CA /* Debug */,
				BBB3A655174D0466001C78CA /* Release */,
			);
			defaultConfigurationIsVisible = 0;
			defaultConfigurationName = Release;
		};
/* End XCConfigurationList section */
	};
	rootObject = BBB3A622174D0466001C78CA /* Project object */;
}
